
Microsoft Visual Studio Solution File, Format Version 12.00
# Visual Studio Version 17
VisualStudioVersion = 17.7.34031.279
MinimumVisualStudioVersion = 10.0.40219.1
Project("{9A19103F-16F7-4668-BE54-9A1E7A4F7556}") = "MakeMyMoney", "MakeMyMoney\MakeMyMoney.csproj", "{9A5CFB87-2B5B-40C4-A41E-D0ED5A995059}"
EndProject
Project("{9A19103F-16F7-4668-BE54-9A1E7A4F7556}") = "MAADRE.MDCSI.KERNEL", "..\MAIN_MAADRE\MAADRE.MDCS.KERNEL\MAADRE.MDCSI.KERNEL.csproj", "{44A7E405-0D1F-4C67-AFE3-A01CC7E68958}"
EndProject
Global
	GlobalSection(SolutionConfigurationPlatforms) = preSolution
		Debug|Any CPU = Debug|Any CPU
		Release|Any CPU = Release|Any CPU
	EndGlobalSection
	GlobalSection(ProjectConfigurationPlatforms) = postSolution
		{9A5CFB87-2B5B-40C4-A41E-D0ED5A995059}.Debug|Any CPU.ActiveCfg = Debug|Any CPU
		{9A5CFB87-2B5B-40C4-A41E-D0ED5A995059}.Debug|Any CPU.Build.0 = Debug|Any CPU
		{9A5CFB87-2B5B-40C4-A41E-D0ED5A995059}.Release|Any CPU.ActiveCfg = Release|Any CPU
		{9A5CFB87-2B5B-40C4-A41E-D0ED5A995059}.Release|Any CPU.Build.0 = Release|Any CPU
		{44A7E405-0D1F-4C67-AFE3-A01CC7E68958}.Debug|Any CPU.ActiveCfg = Debug|Any CPU
		{44A7E405-0D1F-4C67-AFE3-A01CC7E68958}.Debug|Any CPU.Build.0 = Debug|Any CPU
		{44A7E405-0D1F-4C67-AFE3-A01CC7E68958}.Release|Any CPU.ActiveCfg = Release|Any CPU
		{44A7E405-0D1F-4C67-AFE3-A01CC7E68958}.Release|Any CPU.Build.0 = Release|Any CPU
	EndGlobalSection
	GlobalSection(SolutionProperties) = preSolution
		HideSolutionNode = FALSE
	EndGlobalSection
	GlobalSection(ExtensibilityGlobals) = postSolution
		SolutionGuid = {AAC66792-BDC0-4D57-91AD-DFE641BCC288}
	EndGlobalSection
EndGlobal
